<?xml version="1.0" encoding="utf-8"?>
<Project ToolsVersion="4.0" xmlns="http://schemas.microsoft.com/developer/msbuild/2003">
  <ItemGroup>
    <Filter Include="Source Files">
      <UniqueIdentifier>{4FC737F1-C7A5-4376-A066-2A32D752A2FF}</UniqueIdentifier>
      <Extensions>cpp;c;cc;cxx;c++;cppm;ixx;def;odl;idl;hpj;bat;asm;asmx</Extensions>
    </Filter>
    <Filter Include="Header Files">
      <UniqueIdentifier>{93995380-89BD-4b04-88EB-625FBE52EBFB}</UniqueIdentifier>
      <Extensions>h;hh;hpp;hxx;h++;hm;inl;inc;ipp;xsd</Extensions>
    </Filter>
    <Filter Include="Resource Files">
      <UniqueIdentifier>{67DA6AB6-F800-4c08-8B7A-83BB121AAD01}</UniqueIdentifier>
      <Extensions>rc;ico;cur;bmp;dlg;rc2;rct;bin;rgs;gif;jpg;jpeg;jpe;resx;tiff;tif;png;wav;mfcribbon-ms</Extensions>
    </Filter>
    <Filter Include="Source Files\Graph">
      <UniqueIdentifier>{5f2da978-24b2-477e-907c-51a46c2eb31f}</UniqueIdentifier>
    </Filter>
    <Filter Include="Source Files\Graph\BFS">
      <UniqueIdentifier>{4ffc40b8-2834-482f-a302-cb098b77e228}</UniqueIdentifier>
    </Filter>
    <Filter Include="Source Files\BKTree">
      <UniqueIdentifier>{5c3e0e97-e482-47e7-b59b-6ef70dbff633}</UniqueIdentifier>
    </Filter>
    <Filter Include="Source Files\BKTree\EditDistance">
      <UniqueIdentifier>{3aeef32a-5319-4195-9650-cc235d88b6e0}</UniqueIdentifier>
    </Filter>
    <Filter Include="Source Files\Markov">
      <UniqueIdentifier>{58e3075e-7cda-46c9-b812-1894b7ab890c}</UniqueIdentifier>
    </Filter>
  </ItemGroup>
  <ItemGroup>
    <ClCompile Include="TopologicalSort.cpp">
      <Filter>Source Files\Graph</Filter>
    </ClCompile>
    <ClCompile Include="FloydWarshall.cpp">
      <Filter>Source Files\Graph</Filter>
    </ClCompile>
    <ClCompile Include="Dijkstra.cpp">
      <Filter>Source Files\Graph</Filter>
    </ClCompile>
    <ClCompile Include="Transpose.cpp">
      <Filter>Source Files\Graph</Filter>
    </ClCompile>
    <ClCompile Include="AdjacencyMatrix.cpp">
      <Filter>Source Files\Graph\BFS</Filter>
    </ClCompile>
    <ClCompile Include="Graph.cpp">
      <Filter>Source Files\Graph</Filter>
    </ClCompile>
    <ClCompile Include="StepsByKnight.cpp">
      <Filter>Source Files\Graph\BFS</Filter>
    </ClCompile>
    <ClCompile Include="Memorization.cpp">
      <Filter>Source Files\BKTree\EditDistance</Filter>
    </ClCompile>
    <ClCompile Include="Optimization.cpp">
      <Filter>Source Files\BKTree\EditDistance</Filter>
    </ClCompile>
    <ClCompile Include="Recursion.cpp">
      <Filter>Source Files\BKTree\EditDistance</Filter>
    </ClCompile>
    <ClCompile Include="Table.cpp">
      <Filter>Source Files\BKTree\EditDistance</Filter>
    </ClCompile>
    <ClCompile Include="Source.cpp">
      <Filter>Source Files</Filter>
    </ClCompile>
    <ClCompile Include="HiddenMarkovModel.cpp">
      <Filter>Source Files\Markov</Filter>
    </ClCompile>
    <ClCompile Include="MarkovChain.cpp">
      <Filter>Source Files\Markov</Filter>
    </ClCompile>
  </ItemGroup>
  <ItemGroup>
    <ClInclude Include="Graph.h">
      <Filter>Header Files</Filter>
    </ClInclude>
    <ClInclude Include="BKTree.cpp">
      <Filter>Source Files\BKTree</Filter>
    </ClInclude>
    <ClInclude Include="Helper.h">
      <Filter>Source Files\BKTree</Filter>
    </ClInclude>
    <ClInclude Include="Markov.hpp">
      <Filter>Source Files\Markov</Filter>
    </ClInclude>
  </ItemGroup>
</Project>